
Microsoft Visual Studio Solution File, Format Version 12.00
# Visual Studio 15
VisualStudioVersion = 15.0.28010.2048
MinimumVisualStudioVersion = 10.0.40219.1
Project("{FAE04EC0-301F-11D3-BF4B-00C04F79EFBC}") = "GameOfLife", "GameOfLife\GameOfLife.csproj", "{914CBD09-DEF6-4770-B205-9548FC0F8E7A}"
EndProject
Project("{FAE04EC0-301F-11D3-BF4B-00C04F79EFBC}") = "GameOfLifeTests", "GameOfLifeTests\GameOfLifeTests.csproj", "{BD5B856F-541C-4D7D-96BC-158BBD9117D9}"
EndProject
Global
	GlobalSection(SolutionConfigurationPlatforms) = preSolution
		Debug|Any CPU = Debug|Any CPU
		Release|Any CPU = Release|Any CPU
	EndGlobalSection
	GlobalSection(ProjectConfigurationPlatforms) = postSolution
		{914CBD09-DEF6-4770-B205-9548FC0F8E7A}.Debug|Any CPU.ActiveCfg = Debug|Any CPU
		{914CBD09-DEF6-4770-B205-9548FC0F8E7A}.Debug|Any CPU.Build.0 = Debug|Any CPU
		{914CBD09-DEF6-4770-B205-9548FC0F8E7A}.Release|Any CPU.ActiveCfg = Release|Any CPU
		{914CBD09-DEF6-4770-B205-9548FC0F8E7A}.Release|Any CPU.Build.0 = Release|Any CPU
		{BD5B856F-541C-4D7D-96BC-158BBD9117D9}.Debug|Any CPU.ActiveCfg = Debug|Any CPU
		{BD5B856F-541C-4D7D-96BC-158BBD9117D9}.Debug|Any CPU.Build.0 = Debug|Any CPU
		{BD5B856F-541C-4D7D-96BC-158BBD9117D9}.Release|Any CPU.ActiveCfg = Release|Any CPU
		{BD5B856F-541C-4D7D-96BC-158BBD9117D9}.Release|Any CPU.Build.0 = Release|Any CPU
	EndGlobalSection
	GlobalSection(SolutionProperties) = preSolution
		HideSolutionNode = FALSE
	EndGlobalSection
	GlobalSection(ExtensibilityGlobals) = postSolution
		SolutionGuid = {F88BCF7F-E6D4-4235-8175-22C56EE4772E}
	EndGlobalSection
EndGlobal
